
Microsoft Visual Studio Solution File, Format Version 12.00
# Visual Studio Version 17
VisualStudioVersion = 17.3.32804.467
MinimumVisualStudioVersion = 10.0.40219.1
Project("{FAE04EC0-301F-11D3-BF4B-00C04F79EFBC}") = "ValueandReferenceTypeClassandObjectDataHiding", "ValueandReferenceTypeClassandObjectDataHiding.csproj", "{7F868030-1651-4106-8647-D6C68415062E}"
EndProject
Global
	GlobalSection(SolutionConfigurationPlatforms) = preSolution
		Debug|Any CPU = Debug|Any CPU
		Release|Any CPU = Release|Any CPU
	EndGlobalSection
	GlobalSection(ProjectConfigurationPlatforms) = postSolution
		{7F868030-1651-4106-8647-D6C68415062E}.Debug|Any CPU.ActiveCfg = Debug|Any CPU
		{7F868030-1651-4106-8647-D6C68415062E}.Debug|Any CPU.Build.0 = Debug|Any CPU
		{7F868030-1651-4106-8647-D6C68415062E}.Release|Any CPU.ActiveCfg = Release|Any CPU
		{7F868030-1651-4106-8647-D6C68415062E}.Release|Any CPU.Build.0 = Release|Any CPU
	EndGlobalSection
	GlobalSection(SolutionProperties) = preSolution
		HideSolutionNode = FALSE
	EndGlobalSection
	GlobalSection(ExtensibilityGlobals) = postSolution
		SolutionGuid = {4B6FBF5E-40A2-46C8-A801-D975B7ED4F5A}
	EndGlobalSection
EndGlobal
