
Microsoft Visual Studio Solution File, Format Version 12.00
# Visual Studio Version 17
VisualStudioVersion = 17.3.32804.467
MinimumVisualStudioVersion = 10.0.40219.1
Project("{FAE04EC0-301F-11D3-BF4B-00C04F79EFBC}") = "Inheritance", "Inheritance.csproj", "{8F9AE4B0-4110-4A39-899F-0FB1FCDE9D28}"
EndProject
Global
	GlobalSection(SolutionConfigurationPlatforms) = preSolution
		Debug|Any CPU = Debug|Any CPU
		Release|Any CPU = Release|Any CPU
	EndGlobalSection
	GlobalSection(ProjectConfigurationPlatforms) = postSolution
		{8F9AE4B0-4110-4A39-899F-0FB1FCDE9D28}.Debug|Any CPU.ActiveCfg = Debug|Any CPU
		{8F9AE4B0-4110-4A39-899F-0FB1FCDE9D28}.Debug|Any CPU.Build.0 = Debug|Any CPU
		{8F9AE4B0-4110-4A39-899F-0FB1FCDE9D28}.Release|Any CPU.ActiveCfg = Release|Any CPU
		{8F9AE4B0-4110-4A39-899F-0FB1FCDE9D28}.Release|Any CPU.Build.0 = Release|Any CPU
	EndGlobalSection
	GlobalSection(SolutionProperties) = preSolution
		HideSolutionNode = FALSE
	EndGlobalSection
	GlobalSection(ExtensibilityGlobals) = postSolution
		SolutionGuid = {BCD7DC2A-8C69-4F84-ADBA-609D8185A58D}
	EndGlobalSection
EndGlobal
